
Microsoft Visual Studio Solution File, Format Version 12.00
# Visual Studio 15
Project("{FAE04EC0-301F-11D3-BF4B-00C04F79EFBC}") = "OrderBook", "OrderBook\OrderBook.csproj", "{DBDB444F-75D3-4697-8D79-83E5EE58B766}"
EndProject
Global
	GlobalSection(SolutionConfigurationPlatforms) = preSolution
		Debug|Any CPU = Debug|Any CPU
		Release|Any CPU = Release|Any CPU
	EndGlobalSection
	GlobalSection(ProjectConfigurationPlatforms) = postSolution
		{DBDB444F-75D3-4697-8D79-83E5EE58B766}.Debug|Any CPU.ActiveCfg = Debug|Any CPU
		{DBDB444F-75D3-4697-8D79-83E5EE58B766}.Debug|Any CPU.Build.0 = Debug|Any CPU
		{DBDB444F-75D3-4697-8D79-83E5EE58B766}.Release|Any CPU.ActiveCfg = Release|Any CPU
		{DBDB444F-75D3-4697-8D79-83E5EE58B766}.Release|Any CPU.Build.0 = Release|Any CPU
	EndGlobalSection
EndGlobal
